
Microsoft Visual Studio Solution File, Format Version 12.00
# Visual Studio Version 16
VisualStudioVersion = 16.0.35325.158
MinimumVisualStudioVersion = 10.0.40219.1
Project("{FAE04EC0-301F-11D3-BF4B-00C04F79EFBC}") = "Shopping mvc", "Shopping mvc.csproj", "{D289658C-EC2E-416F-8F51-905E3E9CCAC5}"
EndProject
Global
	GlobalSection(SolutionConfigurationPlatforms) = preSolution
		Debug|Any CPU = Debug|Any CPU
		Release|Any CPU = Release|Any CPU
	EndGlobalSection
	GlobalSection(ProjectConfigurationPlatforms) = postSolution
		{D289658C-EC2E-416F-8F51-905E3E9CCAC5}.Debug|Any CPU.ActiveCfg = Debug|Any CPU
		{D289658C-EC2E-416F-8F51-905E3E9CCAC5}.Debug|Any CPU.Build.0 = Debug|Any CPU
		{D289658C-EC2E-416F-8F51-905E3E9CCAC5}.Release|Any CPU.ActiveCfg = Release|Any CPU
		{D289658C-EC2E-416F-8F51-905E3E9CCAC5}.Release|Any CPU.Build.0 = Release|Any CPU
	EndGlobalSection
	GlobalSection(SolutionProperties) = preSolution
		HideSolutionNode = FALSE
	EndGlobalSection
	GlobalSection(ExtensibilityGlobals) = postSolution
		SolutionGuid = {7859E5B3-5865-437E-9E8D-F50492D2F587}
	EndGlobalSection
EndGlobal
